
Microsoft Visual Studio Solution File, Format Version 12.00
# Visual Studio 2012
Project("{FAE04EC0-301F-11D3-BF4B-00C04F79EFBC}") = "OLAP Roles Viewer", "OLAP Roles Viewer.csproj", "{B313EB3A-9E06-4C34-90E4-F863B139EC69}"
EndProject
Global
	GlobalSection(SolutionConfigurationPlatforms) = preSolution
		Debug|x86 = Debug|x86
		Release|x86 = Release|x86
	EndGlobalSection
	GlobalSection(ProjectConfigurationPlatforms) = postSolution
		{B313EB3A-9E06-4C34-90E4-F863B139EC69}.Debug|x86.ActiveCfg = Debug|x86
		{B313EB3A-9E06-4C34-90E4-F863B139EC69}.Debug|x86.Build.0 = Debug|x86
		{B313EB3A-9E06-4C34-90E4-F863B139EC69}.Release|x86.ActiveCfg = Release|x86
		{B313EB3A-9E06-4C34-90E4-F863B139EC69}.Release|x86.Build.0 = Release|x86
	EndGlobalSection
	GlobalSection(SolutionProperties) = preSolution
		HideSolutionNode = FALSE
	EndGlobalSection
EndGlobal
